
Microsoft Visual Studio Solution File, Format Version 12.00
# Visual Studio Version 17
VisualStudioVersion = 17.5.33516.290
MinimumVisualStudioVersion = 10.0.40219.1
Project("{9A19103F-16F7-4668-BE54-9A1E7A4F7556}") = "LibaryView", "LibaryView\LibaryView.csproj", "{706F5B96-78DA-4900-86D0-CD48E5270FA9}"
EndProject
Project("{9A19103F-16F7-4668-BE54-9A1E7A4F7556}") = "LibraryRepository", "LibraryRepository\LibraryRepository.csproj", "{C6660C06-CFFC-4DE7-B490-54E5E70D6C01}"
EndProject
Global
	GlobalSection(SolutionConfigurationPlatforms) = preSolution
		Debug|Any CPU = Debug|Any CPU
		Release|Any CPU = Release|Any CPU
	EndGlobalSection
	GlobalSection(ProjectConfigurationPlatforms) = postSolution
		{706F5B96-78DA-4900-86D0-CD48E5270FA9}.Debug|Any CPU.ActiveCfg = Debug|Any CPU
		{706F5B96-78DA-4900-86D0-CD48E5270FA9}.Debug|Any CPU.Build.0 = Debug|Any CPU
		{706F5B96-78DA-4900-86D0-CD48E5270FA9}.Release|Any CPU.ActiveCfg = Release|Any CPU
		{706F5B96-78DA-4900-86D0-CD48E5270FA9}.Release|Any CPU.Build.0 = Release|Any CPU
		{C6660C06-CFFC-4DE7-B490-54E5E70D6C01}.Debug|Any CPU.ActiveCfg = Debug|Any CPU
		{C6660C06-CFFC-4DE7-B490-54E5E70D6C01}.Debug|Any CPU.Build.0 = Debug|Any CPU
		{C6660C06-CFFC-4DE7-B490-54E5E70D6C01}.Release|Any CPU.ActiveCfg = Release|Any CPU
		{C6660C06-CFFC-4DE7-B490-54E5E70D6C01}.Release|Any CPU.Build.0 = Release|Any CPU
	EndGlobalSection
	GlobalSection(SolutionProperties) = preSolution
		HideSolutionNode = FALSE
	EndGlobalSection
	GlobalSection(ExtensibilityGlobals) = postSolution
		SolutionGuid = {D2D7FC67-BB67-4B49-B15E-44C0B63BA7BC}
	EndGlobalSection
EndGlobal
